// !$*UTF8*$!
{
	archiveVersion = 1;
	classes = {
	};
	objectVersion = 55;
	objects = {

/* Begin PBXBuildFile section */
		04BB91EA283BD3EF0050C20C /* UAS_JeffreyApp.swift in Sources */ = {isa = PBXBuildFile; fileRef = 04BB91E9283BD3EF0050C20C /* UAS_JeffreyApp.swift */; };
		04BB91EC283BD3EF0050C20C /* ContentView.swift in Sources */ = {isa = PBXBuildFile; fileRef = 04BB91EB283BD3EF0050C20C /* ContentView.swift */; };
		04BB91EE283BD3F00050C20C /* Assets.xcassets in Resources */ = {isa = PBXBuildFile; fileRef = 04BB91ED283BD3F00050C20C /* Assets.xcassets */; };
		04BB91F1283BD3F00050C20C /* Preview Assets.xcassets in Resources */ = {isa = PBXBuildFile; fileRef = 04BB91F0283BD3F00050C20C /* Preview Assets.xcassets */; };
		04BB91FB283BD3F10050C20C /* UAS_JeffreyTests.swift in Sources */ = {isa = PBXBuildFile; fileRef = 04BB91FA283BD3F10050C20C /* UAS_JeffreyTests.swift */; };
		04BB9205283BD3F10050C20C /* UAS_JeffreyUITests.swift in Sources */ = {isa = PBXBuildFile; fileRef = 04BB9204283BD3F10050C20C /* UAS_JeffreyUITests.swift */; };
		04BB9207283BD3F10050C20C /* UAS_JeffreyUITestsLaunchTests.swift in Sources */ = {isa = PBXBuildFile; fileRef = 04BB9206283BD3F10050C20C /* UAS_JeffreyUITestsLaunchTests.swift */; };
/* End PBXBuildFile section */

/* Begin PBXContainerItemProxy section */
		04BB91F7283BD3F10050C20C /* PBXContainerItemProxy */ = {
			isa = PBXContainerItemProxy;
			containerPortal = 04BB91DE283BD3EF0050C20C /* Project object */;
			proxyType = 1;
			remoteGlobalIDString = 04BB91E5283BD3EF0050C20C;
			remoteInfo = "UAS Jeffrey";
		};
		04BB9201283BD3F10050C20C /* PBXContainerItemProxy */ = {
			isa = PBXContainerItemProxy;
			containerPortal = 04BB91DE283BD3EF0050C20C /* Project object */;
			proxyType = 1;
			remoteGlobalIDString = 04BB91E5283BD3EF0050C20C;
			remoteInfo = "UAS Jeffrey";
		};
/* End PBXContainerItemProxy section */

/* Begin PBXFileReference section */
		04BB91E6283BD3EF0050C20C /* UAS Jeffrey.app */ = {isa = PBXFileReference; explicitFileType = wrapper.application; includeInIndex = 0; path = "UAS Jeffrey.app"; sourceTree = BUILT_PRODUCTS_DIR; };
		04BB91E9283BD3EF0050C20C /* UAS_JeffreyApp.swift */ = {isa = PBXFileReference; lastKnownFileType = sourcecode.swift; path = UAS_JeffreyApp.swift; sourceTree = "<group>"; };
		04BB91EB283BD3EF0050C20C /* ContentView.swift */ = {isa = PBXFileReference; lastKnownFileType = sourcecode.swift; path = ContentView.swift; sourceTree = "<group>"; };
		04BB91ED283BD3F00050C20C /* Assets.xcassets */ = {isa = PBXFileReference; lastKnownFileType = folder.assetcatalog; path = Assets.xcassets; sourceTree = "<group>"; };
		04BB91F0283BD3F00050C20C /* Preview Assets.xcassets */ = {isa = PBXFileReference; lastKnownFileType = folder.assetcatalog; path = "Preview Assets.xcassets"; sourceTree = "<group>"; };
		04BB91F6283BD3F10050C20C /* UAS JeffreyTests.xctest */ = {isa = PBXFileReference; explicitFileType = wrapper.cfbundle; includeInIndex = 0; path = "UAS JeffreyTests.xctest"; sourceTree = BUILT_PRODUCTS_DIR; };
		04BB91FA283BD3F10050C20C /* UAS_JeffreyTests.swift */ = {isa = PBXFileReference; lastKnownFileType = sourcecode.swift; path = UAS_JeffreyTests.swift; sourceTree = "<group>"; };
		04BB9200283BD3F10050C20C /* UAS JeffreyUITests.xctest */ = {isa = PBXFileReference; explicitFileType = wrapper.cfbundle; includeInIndex = 0; path = "UAS JeffreyUITests.xctest"; sourceTree = BUILT_PRODUCTS_DIR; };
		04BB9204283BD3F10050C20C /* UAS_JeffreyUITests.swift */ = {isa = PBXFileReference; lastKnownFileType = sourcecode.swift; path = UAS_JeffreyUITests.swift; sourceTree = "<group>"; };
		04BB9206283BD3F10050C20C /* UAS_JeffreyUITestsLaunchTests.swift */ = {isa = PBXFileReference; lastKnownFileType = sourcecode.swift; path = UAS_JeffreyUITestsLaunchTests.swift; sourceTree = "<group>"; };
/* End PBXFileReference section */

/* Begin PBXFrameworksBuildPhase section */
		04BB91E3283BD3EF0050C20C /* Frameworks */ = {
			isa = PBXFrameworksBuildPhase;
			buildActionMask = 2147483647;
			files = (
			);
			runOnlyForDeploymentPostprocessing = 0;
		};
		04BB91F3283BD3F10050C20C /* Frameworks */ = {
			isa = PBXFrameworksBuildPhase;
			buildActionMask = 2147483647;
			files = (
			);
			runOnlyForDeploymentPostprocessing = 0;
		};
		04BB91FD283BD3F10050C20C /* Frameworks */ = {
			isa = PBXFrameworksBuildPhase;
			buildActionMask = 2147483647;
			files = (
			);
			runOnlyForDeploymentPostprocessing = 0;
		};
/* End PBXFrameworksBuildPhase section */

/* Begin PBXGroup section */
		04BB91DD283BD3EF0050C20C = {
			isa = PBXGroup;
			children = (
				04BB91E8283BD3EF0050C20C /* UAS Jeffrey */,
				04BB91F9283BD3F10050C20C /* UAS JeffreyTests */,
				04BB9203283BD3F10050C20C /* UAS JeffreyUITests */,
				04BB91E7283BD3EF0050C20C /* Products */,
			);
			sourceTree = "<group>";
		};
		04BB91E7283BD3EF0050C20C /* Products */ = {
			isa = PBXGroup;
			children = (
				04BB91E6283BD3EF0050C20C /* UAS Jeffrey.app */,
				04BB91F6283BD3F10050C20C /* UAS JeffreyTests.xctest */,
				04BB9200283BD3F10050C20C /* UAS JeffreyUITests.xctest */,
			);
			name = Products;
			sourceTree = "<group>";
		};
		04BB91E8283BD3EF0050C20C /* UAS Jeffrey */ = {
			isa = PBXGroup;
			children = (
				04BB91E9283BD3EF0050C20C /* UAS_JeffreyApp.swift */,
				04BB91EB283BD3EF0050C20C /* ContentView.swift */,
				04BB91ED283BD3F00050C20C /* Assets.xcassets */,
				04BB91EF283BD3F00050C20C /* Preview Content */,
			);
			path = "UAS Jeffrey";
			sourceTree = "<group>";
		};
		04BB91EF283BD3F00050C20C /* Preview Content */ = {
			isa = PBXGroup;
			children = (
				04BB91F0283BD3F00050C20C /* Preview Assets.xcassets */,
			);
			path = "Preview Content";
			sourceTree = "<group>";
		};
		04BB91F9283BD3F10050C20C /* UAS JeffreyTests */ = {
			isa = PBXGroup;
			children = (
				04BB91FA283BD3F10050C20C /* UAS_JeffreyTests.swift */,
			);
			path = "UAS JeffreyTests";
			sourceTree = "<group>";
		};
		04BB9203283BD3F10050C20C /* UAS JeffreyUITests */ = {
			isa = PBXGroup;
			children = (
				04BB9204283BD3F10050C20C /* UAS_JeffreyUITests.swift */,
				04BB9206283BD3F10050C20C /* UAS_JeffreyUITestsLaunchTests.swift */,
			);
			path = "UAS JeffreyUITests";
			sourceTree = "<group>";
		};
/* End PBXGroup section */

/* Begin PBXNativeTarget section */
		04BB91E5283BD3EF0050C20C /* UAS Jeffrey */ = {
			isa = PBXNativeTarget;
			buildConfigurationList = 04BB920A283BD3F10050C20C /* Build configuration list for PBXNativeTarget "UAS Jeffrey" */;
			buildPhases = (
				04BB91E2283BD3EF0050C20C /* Sources */,
				04BB91E3283BD3EF0050C20C /* Frameworks */,
				04BB91E4283BD3EF0050C20C /* Resources */,
			);
			buildRules = (
			);
			dependencies = (
			);
			name = "UAS Jeffrey";
			productName = "UAS Jeffrey";
			productReference = 04BB91E6283BD3EF0050C20C /* UAS Jeffrey.app */;
			productType = "com.apple.product-type.application";
		};
		04BB91F5283BD3F10050C20C /* UAS JeffreyTests */ = {
			isa = PBXNativeTarget;
			buildConfigurationList = 04BB920D283BD3F10050C20C /* Build configuration list for PBXNativeTarget "UAS JeffreyTests" */;
			buildPhases = (
				04BB91F2283BD3F10050C20C /* Sources */,
				04BB91F3283BD3F10050C20C /* Frameworks */,
				04BB91F4283BD3F10050C20C /* Resources */,
			);
			buildRules = (
			);
			dependencies = (
				04BB91F8283BD3F10050C20C /* PBXTargetDependency */,
			);
			name = "UAS JeffreyTests";
			productName = "UAS JeffreyTests";
			productReference = 04BB91F6283BD3F10050C20C /* UAS JeffreyTests.xctest */;
			productType = "com.apple.product-type.bundle.unit-test";
		};
		04BB91FF283BD3F10050C20C /* UAS JeffreyUITests */ = {
			isa = PBXNativeTarget;
			buildConfigurationList = 04BB9210283BD3F10050C20C /* Build configuration list for PBXNativeTarget "UAS JeffreyUITests" */;
			buildPhases = (
				04BB91FC283BD3F10050C20C /* Sources */,
				04BB91FD283BD3F10050C20C /* Frameworks */,
				04BB91FE283BD3F10050C20C /* Resources */,
			);
			buildRules = (
			);
			dependencies = (
				04BB9202283BD3F10050C20C /* PBXTargetDependency */,
			);
			name = "UAS JeffreyUITests";
			productName = "UAS JeffreyUITests";
			productReference = 04BB9200283BD3F10050C20C /* UAS JeffreyUITests.xctest */;
			productType = "com.apple.product-type.bundle.ui-testing";
		};
/* End PBXNativeTarget section */

/* Begin PBXProject section */
		04BB91DE283BD3EF0050C20C /* Project object */ = {
			isa = PBXProject;
			attributes = {
				BuildIndependentTargetsInParallel = 1;
				LastSwiftUpdateCheck = 1330;
				LastUpgradeCheck = 1330;
				TargetAttributes = {
					04BB91E5283BD3EF0050C20C = {
						CreatedOnToolsVersion = 13.3;
					};
					04BB91F5283BD3F10050C20C = {
						CreatedOnToolsVersion = 13.3;
						TestTargetID = 04BB91E5283BD3EF0050C20C;
					};
					04BB91FF283BD3F10050C20C = {
						CreatedOnToolsVersion = 13.3;
						TestTargetID = 04BB91E5283BD3EF0050C20C;
					};
				};
			};
			buildConfigurationList = 04BB91E1283BD3EF0050C20C /* Build configuration list for PBXProject "UAS Jeffrey" */;
			compatibilityVersion = "Xcode 13.0";
			developmentRegion = en;
			hasScannedForEncodings = 0;
			knownRegions = (
				en,
				Base,
			);
			mainGroup = 04BB91DD283BD3EF0050C20C;
			productRefGroup = 04BB91E7283BD3EF0050C20C /* Products */;
			projectDirPath = "";
			projectRoot = "";
			targets = (
				04BB91E5283BD3EF0050C20C /* UAS Jeffrey */,
				04BB91F5283BD3F10050C20C /* UAS JeffreyTests */,
				04BB91FF283BD3F10050C20C /* UAS JeffreyUITests */,
			);
		};
/* End PBXProject section */

/* Begin PBXResourcesBuildPhase section */
		04BB91E4283BD3EF0050C20C /* Resources */ = {
			isa = PBXResourcesBuildPhase;
			buildActionMask = 2147483647;
			files = (
				04BB91F1283BD3F00050C20C /* Preview Assets.xcassets in Resources */,
				04BB91EE283BD3F00050C20C /* Assets.xcassets in Resources */,
			);
			runOnlyForDeploymentPostprocessing = 0;
		};
		04BB91F4283BD3F10050C20C /* Resources */ = {
			isa = PBXResourcesBuildPhase;
			buildActionMask = 2147483647;
			files = (
			);
			runOnlyForDeploymentPostprocessing = 0;
		};
		04BB91FE283BD3F10050C20C /* Resources */ = {
			isa = PBXResourcesBuildPhase;
			buildActionMask = 2147483647;
			files = (
			);
			runOnlyForDeploymentPostprocessing = 0;
		};
/* End PBXResourcesBuildPhase section */

/* Begin PBXSourcesBuildPhase section */
		04BB91E2283BD3EF0050C20C /* Sources */ = {
			isa = PBXSourcesBuildPhase;
			buildActionMask = 2147483647;
			files = (
				04BB91EC283BD3EF0050C20C /* ContentView.swift in Sources */,
				04BB91EA283BD3EF0050C20C /* UAS_JeffreyApp.swift in Sources */,
			);
			runOnlyForDeploymentPostprocessing = 0;
		};
		04BB91F2283BD3F10050C20C /* Sources */ = {
			isa = PBXSourcesBuildPhase;
			buildActionMask = 2147483647;
			files = (
				04BB91FB283BD3F10050C20C /* UAS_JeffreyTests.swift in Sources */,
			);
			runOnlyForDeploymentPostprocessing = 0;
		};
		04BB91FC283BD3F10050C20C /* Sources */ = {
			isa = PBXSourcesBuildPhase;
			buildActionMask = 2147483647;
			files = (
				04BB9207283BD3F10050C20C /* UAS_JeffreyUITestsLaunchTests.swift in Sources */,
				04BB9205283BD3F10050C20C /* UAS_JeffreyUITests.swift in Sources */,
			);
			runOnlyForDeploymentPostprocessing = 0;
		};
/* End PBXSourcesBuildPhase section */

/* Begin PBXTargetDependency section */
		04BB91F8283BD3F10050C20C /* PBXTargetDependency */ = {
			isa = PBXTargetDependency;
			target = 04BB91E5283BD3EF0050C20C /* UAS Jeffrey */;
			targetProxy = 04BB91F7283BD3F10050C20C /* PBXContainerItemProxy */;
		};
		04BB9202283BD3F10050C20C /* PBXTargetDependency */ = {
			isa = PBXTargetDependency;
			target = 04BB91E5283BD3EF0050C20C /* UAS Jeffrey */;
			targetProxy = 04BB9201283BD3F10050C20C /* PBXContainerItemProxy */;
		};
/* End PBXTargetDependency section */

/* Begin XCBuildConfiguration section */
		04BB9208283BD3F10050C20C /* Debug */ = {
			isa = XCBuildConfiguration;
			buildSettings = {
				ALWAYS_SEARCH_USER_PATHS = NO;
				CLANG_ANALYZER_NONNULL = YES;
				CLANG_ANALYZER_NUMBER_OBJECT_CONVERSION = YES_AGGRESSIVE;
				CLANG_CXX_LANGUAGE_STANDARD = "gnu++17";
				CLANG_ENABLE_MODULES = YES;
				CLANG_ENABLE_OBJC_ARC = YES;
				CLANG_ENABLE_OBJC_WEAK = YES;
				CLANG_WARN_BLOCK_CAPTURE_AUTORELEASING = YES;
				CLANG_WARN_BOOL_CONVERSION = YES;
				CLANG_WARN_COMMA = YES;
				CLANG_WARN_CONSTANT_CONVERSION = YES;
				CLANG_WARN_DEPRECATED_OBJC_IMPLEMENTATIONS = YES;
				CLANG_WARN_DIRECT_OBJC_ISA_USAGE = YES_ERROR;
				CLANG_WARN_DOCUMENTATION_COMMENTS = YES;
				CLANG_WARN_EMPTY_BODY = YES;
				CLANG_WARN_ENUM_CONVERSION = YES;
				CLANG_WARN_INFINITE_RECURSION = YES;
				CLANG_WARN_INT_CONVERSION = YES;
				CLANG_WARN_NON_LITERAL_NULL_CONVERSION = YES;
				CLANG_WARN_OBJC_IMPLICIT_RETAIN_SELF = YES;
				CLANG_WARN_OBJC_LITERAL_CONVERSION = YES;
				CLANG_WARN_OBJC_ROOT_CLASS = YES_ERROR;
				CLANG_WARN_QUOTED_INCLUDE_IN_FRAMEWORK_HEADER = YES;
				CLANG_WARN_RANGE_LOOP_ANALYSIS = YES;
				CLANG_WARN_STRICT_PROTOTYPES = YES;
				CLANG_WARN_SUSPICIOUS_MOVE = YES;
				CLANG_WARN_UNGUARDED_AVAILABILITY = YES_AGGRESSIVE;
				CLANG_WARN_UNREACHABLE_CODE = YES;
				CLANG_WARN__DUPLICATE_METHOD_MATCH = YES;
				COPY_PHASE_STRIP = NO;
				DEBUG_INFORMATION_FORMAT = dwarf;
				ENABLE_STRICT_OBJC_MSGSEND = YES;
				ENABLE_TESTABILITY = YES;
				GCC_C_LANGUAGE_STANDARD = gnu11;
				GCC_DYNAMIC_NO_PIC = NO;
				GCC_NO_COMMON_BLOCKS = YES;
				GCC_OPTIMIZATION_LEVEL = 0;
				GCC_PREPROCESSOR_DEFINITIONS = (
					"DEBUG=1",
					"$(inherited)",
				);
				GCC_WARN_64_TO_32_BIT_CONVERSION = YES;
				GCC_WARN_ABOUT_RETURN_TYPE = YES_ERROR;
				GCC_WARN_UNDECLARED_SELECTOR = YES;
				GCC_WARN_UNINITIALIZED_AUTOS = YES_AGGRESSIVE;
				GCC_WARN_UNUSED_FUNCTION = YES;
				GCC_WARN_UNUSED_VARIABLE = YES;
				IPHONEOS_DEPLOYMENT_TARGET = 15.4;
				MTL_ENABLE_DEBUG_INFO = INCLUDE_SOURCE;
				MTL_FAST_MATH = YES;
				ONLY_ACTIVE_ARCH = YES;
				SDKROOT = iphoneos;
				SWIFT_ACTIVE_COMPILATION_CONDITIONS = DEBUG;
				SWIFT_OPTIMIZATION_LEVEL = "-Onone";
			};
			name = Debug;
		};
		04BB9209283BD3F10050C20C /* Release */ = {
			isa = XCBuildConfiguration;
			buildSettings = {
				ALWAYS_SEARCH_USER_PATHS = NO;
				CLANG_ANALYZER_NONNULL = YES;
				CLANG_ANALYZER_NUMBER_OBJECT_CONVERSION = YES_AGGRESSIVE;
				CLANG_CXX_LANGUAGE_STANDARD = "gnu++17";
				CLANG_ENABLE_MODULES = YES;
				CLANG_ENABLE_OBJC_ARC = YES;
				CLANG_ENABLE_OBJC_WEAK = YES;
				CLANG_WARN_BLOCK_CAPTURE_AUTORELEASING = YES;
				CLANG_WARN_BOOL_CONVERSION = YES;
				CLANG_WARN_COMMA = YES;
				CLANG_WARN_CONSTANT_CONVERSION = YES;
				CLANG_WARN_DEPRECATED_OBJC_IMPLEMENTATIONS = YES;
				CLANG_WARN_DIRECT_OBJC_ISA_USAGE = YES_ERROR;
				CLANG_WARN_DOCUMENTATION_COMMENTS = YES;
				CLANG_WARN_EMPTY_BODY = YES;
				CLANG_WARN_ENUM_CONVERSION = YES;
				CLANG_WARN_INFINITE_RECURSION = YES;
				CLANG_WARN_INT_CONVERSION = YES;
				CLANG_WARN_NON_LITERAL_NULL_CONVERSION = YES;
				CLANG_WARN_OBJC_IMPLICIT_RETAIN_SELF = YES;
				CLANG_WARN_OBJC_LITERAL_CONVERSION = YES;
				CLANG_WARN_OBJC_ROOT_CLASS = YES_ERROR;
				CLANG_WARN_QUOTED_INCLUDE_IN_FRAMEWORK_HEADER = YES;
				CLANG_WARN_RANGE_LOOP_ANALYSIS = YES;
				CLANG_WARN_STRICT_PROTOTYPES = YES;
				CLANG_WARN_SUSPICIOUS_MOVE = YES;
				CLANG_WARN_UNGUARDED_AVAILABILITY = YES_AGGRESSIVE;
				CLANG_WARN_UNREACHABLE_CODE = YES;
				CLANG_WARN__DUPLICATE_METHOD_MATCH = YES;
				COPY_PHASE_STRIP = NO;
				DEBUG_INFORMATION_FORMAT = "dwarf-with-dsym";
				ENABLE_NS_ASSERTIONS = NO;
				ENABLE_STRICT_OBJC_MSGSEND = YES;
				GCC_C_LANGUAGE_STANDARD = gnu11;
				GCC_NO_COMMON_BLOCKS = YES;
				GCC_WARN_64_TO_32_BIT_CONVERSION = YES;
				GCC_WARN_ABOUT_RETURN_TYPE = YES_ERROR;
				GCC_WARN_UNDECLARED_SELECTOR = YES;
				GCC_WARN_UNINITIALIZED_AUTOS = YES_AGGRESSIVE;
				GCC_WARN_UNUSED_FUNCTION = YES;
				GCC_WARN_UNUSED_VARIABLE = YES;
				IPHONEOS_DEPLOYMENT_TARGET = 15.4;
				MTL_ENABLE_DEBUG_INFO = NO;
				MTL_FAST_MATH = YES;
				SDKROOT = iphoneos;
				SWIFT_COMPILATION_MODE = wholemodule;
				SWIFT_OPTIMIZATION_LEVEL = "-O";
				VALIDATE_PRODUCT = YES;
			};
			name = Release;
		};
		04BB920B283BD3F10050C20C /* Debug */ = {
			isa = XCBuildConfiguration;
			buildSettings = {
				ASSETCATALOG_COMPILER_APPICON_NAME = AppIcon;
				ASSETCATALOG_COMPILER_GLOBAL_ACCENT_COLOR_NAME = AccentColor;
				CODE_SIGN_STYLE = Automatic;
				CURRENT_PROJECT_VERSION = 1;
				DEVELOPMENT_ASSET_PATHS = "\"UAS Jeffrey/Preview Content\"";
				ENABLE_PREVIEWS = YES;
				GENERATE_INFOPLIST_FILE = YES;
				INFOPLIST_KEY_UIApplicationSceneManifest_Generation = YES;
				INFOPLIST_KEY_UIApplicationSupportsIndirectInputEvents = YES;
				INFOPLIST_KEY_UILaunchScreen_Generation = YES;
				INFOPLIST_KEY_UISupportedInterfaceOrientations_iPad = "UIInterfaceOrientationPortrait UIInterfaceOrientationPortraitUpsideDown UIInterfaceOrientationLandscapeLeft UIInterfaceOrientationLandscapeRight";
				INFOPLIST_KEY_UISupportedInterfaceOrientations_iPhone = "UIInterfaceOrientationPortrait UIInterfaceOrientationLandscapeLeft UIInterfaceOrientationLandscapeRight";
				LD_RUNPATH_SEARCH_PATHS = (
					"$(inherited)",
					"@executable_path/Frameworks",
				);
				MARKETING_VERSION = 1.0;
				PRODUCT_BUNDLE_IDENTIFIER = "UC.UAS-Jeffrey";
				PRODUCT_NAME = "$(TARGET_NAME)";
				SWIFT_EMIT_LOC_STRINGS = YES;
				SWIFT_VERSION = 5.0;
				TARGETED_DEVICE_FAMILY = "1,2";
			};
			name = Debug;
		};
		04BB920C283BD3F10050C20C /* Release */ = {
			isa = XCBuildConfiguration;
			buildSettings = {
				ASSETCATALOG_COMPILER_APPICON_NAME = AppIcon;
				ASSETCATALOG_COMPILER_GLOBAL_ACCENT_COLOR_NAME = AccentColor;
				CODE_SIGN_STYLE = Automatic;
				CURRENT_PROJECT_VERSION = 1;
				DEVELOPMENT_ASSET_PATHS = "\"UAS Jeffrey/Preview Content\"";
				ENABLE_PREVIEWS = YES;
				GENERATE_INFOPLIST_FILE = YES;
				INFOPLIST_KEY_UIApplicationSceneManifest_Generation = YES;
				INFOPLIST_KEY_UIApplicationSupportsIndirectInputEvents = YES;
				INFOPLIST_KEY_UILaunchScreen_Generation = YES;
				INFOPLIST_KEY_UISupportedInterfaceOrientations_iPad = "UIInterfaceOrientationPortrait UIInterfaceOrientationPortraitUpsideDown UIInterfaceOrientationLandscapeLeft UIInterfaceOrientationLandscapeRight";
				INFOPLIST_KEY_UISupportedInterfaceOrientations_iPhone = "UIInterfaceOrientationPortrait UIInterfaceOrientationLandscapeLeft UIInterfaceOrientationLandscapeRight";
				LD_RUNPATH_SEARCH_PATHS = (
					"$(inherited)",
					"@executable_path/Frameworks",
				);
				MARKETING_VERSION = 1.0;
				PRODUCT_BUNDLE_IDENTIFIER = "UC.UAS-Jeffrey";
				PRODUCT_NAME = "$(TARGET_NAME)";
				SWIFT_EMIT_LOC_STRINGS = YES;
				SWIFT_VERSION = 5.0;
				TARGETED_DEVICE_FAMILY = "1,2";
			};
			name = Release;
		};
		04BB920E283BD3F10050C20C /* Debug */ = {
			isa = XCBuildConfiguration;
			buildSettings = {
				ALWAYS_EMBED_SWIFT_STANDARD_LIBRARIES = YES;
				BUNDLE_LOADER = "$(TEST_HOST)";
				CODE_SIGN_STYLE = Automatic;
				CURRENT_PROJECT_VERSION = 1;
				GENERATE_INFOPLIST_FILE = YES;
				IPHONEOS_DEPLOYMENT_TARGET = 15.4;
				MARKETING_VERSION = 1.0;
				PRODUCT_BUNDLE_IDENTIFIER = "UC.UAS-JeffreyTests";
				PRODUCT_NAME = "$(TARGET_NAME)";
				SWIFT_EMIT_LOC_STRINGS = NO;
				SWIFT_VERSION = 5.0;
				TARGETED_DEVICE_FAMILY = "1,2";
				TEST_HOST = "$(BUILT_PRODUCTS_DIR)/UAS Jeffrey.app/UAS Jeffrey";
			};
			name = Debug;
		};
		04BB920F283BD3F10050C20C /* Release */ = {
			isa = XCBuildConfiguration;
			buildSettings = {
				ALWAYS_EMBED_SWIFT_STANDARD_LIBRARIES = YES;
				BUNDLE_LOADER = "$(TEST_HOST)";
				CODE_SIGN_STYLE = Automatic;
				CURRENT_PROJECT_VERSION = 1;
				GENERATE_INFOPLIST_FILE = YES;
				IPHONEOS_DEPLOYMENT_TARGET = 15.4;
				MARKETING_VERSION = 1.0;
				PRODUCT_BUNDLE_IDENTIFIER = "UC.UAS-JeffreyTests";
				PRODUCT_NAME = "$(TARGET_NAME)";
				SWIFT_EMIT_LOC_STRINGS = NO;
				SWIFT_VERSION = 5.0;
				TARGETED_DEVICE_FAMILY = "1,2";
				TEST_HOST = "$(BUILT_PRODUCTS_DIR)/UAS Jeffrey.app/UAS Jeffrey";
			};
			name = Release;
		};
		04BB9211283BD3F10050C20C /* Debug */ = {
			isa = XCBuildConfiguration;
			buildSettings = {
				ALWAYS_EMBED_SWIFT_STANDARD_LIBRARIES = YES;
				CODE_SIGN_STYLE = Automatic;
				CURRENT_PROJECT_VERSION = 1;
				GENERATE_INFOPLIST_FILE = YES;
				MARKETING_VERSION = 1.0;
				PRODUCT_BUNDLE_IDENTIFIER = "UC.UAS-JeffreyUITests";
				PRODUCT_NAME = "$(TARGET_NAME)";
				SWIFT_EMIT_LOC_STRINGS = NO;
				SWIFT_VERSION = 5.0;
				TARGETED_DEVICE_FAMILY = "1,2";
				TEST_TARGET_NAME = "UAS Jeffrey";
			};
			name = Debug;
		};
		04BB9212283BD3F10050C20C /* Release */ = {
			isa = XCBuildConfiguration;
			buildSettings = {
				ALWAYS_EMBED_SWIFT_STANDARD_LIBRARIES = YES;
				CODE_SIGN_STYLE = Automatic;
				CURRENT_PROJECT_VERSION = 1;
				GENERATE_INFOPLIST_FILE = YES;
				MARKETING_VERSION = 1.0;
				PRODUCT_BUNDLE_IDENTIFIER = "UC.UAS-JeffreyUITests";
				PRODUCT_NAME = "$(TARGET_NAME)";
				SWIFT_EMIT_LOC_STRINGS = NO;
				SWIFT_VERSION = 5.0;
				TARGETED_DEVICE_FAMILY = "1,2";
				TEST_TARGET_NAME = "UAS Jeffrey";
			};
			name = Release;
		};
/* End XCBuildConfiguration section */

/* Begin XCConfigurationList section */
		04BB91E1283BD3EF0050C20C /* Build configuration list for PBXProject "UAS Jeffrey" */ = {
			isa = XCConfigurationList;
			buildConfigurations = (
				04BB9208283BD3F10050C20C /* Debug */,
				04BB9209283BD3F10050C20C /* Release */,
			);
			defaultConfigurationIsVisible = 0;
			defaultConfigurationName = Release;
		};
		04BB920A283BD3F10050C20C /* Build configuration list for PBXNativeTarget "UAS Jeffrey" */ = {
			isa = XCConfigurationList;
			buildConfigurations = (
				04BB920B283BD3F10050C20C /* Debug */,
				04BB920C283BD3F10050C20C /* Release */,
			);
			defaultConfigurationIsVisible = 0;
			defaultConfigurationName = Release;
		};
		04BB920D283BD3F10050C20C /* Build configuration list for PBXNativeTarget "UAS JeffreyTests" */ = {
			isa = XCConfigurationList;
			buildConfigurations = (
				04BB920E283BD3F10050C20C /* Debug */,
				04BB920F283BD3F10050C20C /* Release */,
			);
			defaultConfigurationIsVisible = 0;
			defaultConfigurationName = Release;
		};
		04BB9210283BD3F10050C20C /* Build configuration list for PBXNativeTarget "UAS JeffreyUITests" */ = {
			isa = XCConfigurationList;
			buildConfigurations = (
				04BB9211283BD3F10050C20C /* Debug */,
				04BB9212283BD3F10050C20C /* Release */,
			);
			defaultConfigurationIsVisible = 0;
			defaultConfigurationName = Release;
		};
/* End XCConfigurationList section */
	};
	rootObject = 04BB91DE283BD3EF0050C20C /* Project object */;
}
